// !$*UTF8*$!
{
	archiveVersion = 1;
	classes = {
	};
	objectVersion = 56;
	objects = {

/* Begin PBXBuildFile section */
		0B329AE3291EAB2B00F1401A /* ScrumdingerApp.swift in Sources */ = {isa = PBXBuildFile; fileRef = 0B329AE2291EAB2B00F1401A /* ScrumdingerApp.swift */; };
		0B329AE5291EAB2B00F1401A /* MeetingView.swift in Sources */ = {isa = PBXBuildFile; fileRef = 0B329AE4291EAB2B00F1401A /* MeetingView.swift */; };
		0B329AE7291EAB2C00F1401A /* Assets.xcassets in Resources */ = {isa = PBXBuildFile; fileRef = 0B329AE6291EAB2C00F1401A /* Assets.xcassets */; };
		0B329AEA291EAB2C00F1401A /* Preview Assets.xcassets in Resources */ = {isa = PBXBuildFile; fileRef = 0B329AE9291EAB2C00F1401A /* Preview Assets.xcassets */; };
		0B329AF4291EAB2C00F1401A /* ScrumdingerTests.swift in Sources */ = {isa = PBXBuildFile; fileRef = 0B329AF3291EAB2C00F1401A /* ScrumdingerTests.swift */; };
		0B329AFE291EAB2C00F1401A /* ScrumdingerUITests.swift in Sources */ = {isa = PBXBuildFile; fileRef = 0B329AFD291EAB2C00F1401A /* ScrumdingerUITests.swift */; };
		0B329B00291EAB2C00F1401A /* ScrumdingerUITestsLaunchTests.swift in Sources */ = {isa = PBXBuildFile; fileRef = 0B329AFF291EAB2C00F1401A /* ScrumdingerUITestsLaunchTests.swift */; };
		0B329B0E291EC06100F1401A /* Theme.swift in Sources */ = {isa = PBXBuildFile; fileRef = 0B329B0D291EC06100F1401A /* Theme.swift */; };
		0B329B10291EC28A00F1401A /* DailyScrum.swift in Sources */ = {isa = PBXBuildFile; fileRef = 0B329B0F291EC28A00F1401A /* DailyScrum.swift */; };
		0B329B12291EC3BD00F1401A /* CardView.swift in Sources */ = {isa = PBXBuildFile; fileRef = 0B329B11291EC3BD00F1401A /* CardView.swift */; };
		0B329B14291EC8B800F1401A /* TrailingIconLabelStyle.swift in Sources */ = {isa = PBXBuildFile; fileRef = 0B329B13291EC8B800F1401A /* TrailingIconLabelStyle.swift */; };
		0B329B16291EE39A00F1401A /* ScrumsView.swift in Sources */ = {isa = PBXBuildFile; fileRef = 0B329B15291EE39A00F1401A /* ScrumsView.swift */; };
		0B329B18291EF26F00F1401A /* DetailView.swift in Sources */ = {isa = PBXBuildFile; fileRef = 0B329B17291EF26F00F1401A /* DetailView.swift */; };
		0B329B1A291F01AE00F1401A /* DetailEditView.swift in Sources */ = {isa = PBXBuildFile; fileRef = 0B329B19291F01AE00F1401A /* DetailEditView.swift */; };
		0B329B1C291F292000F1401A /* ThemeView.swift in Sources */ = {isa = PBXBuildFile; fileRef = 0B329B1B291F292000F1401A /* ThemeView.swift */; };
		0B329B1E291F2AD700F1401A /* ThemePicker.swift in Sources */ = {isa = PBXBuildFile; fileRef = 0B329B1D291F2AD700F1401A /* ThemePicker.swift */; };
/* End PBXBuildFile section */

/* Begin PBXContainerItemProxy section */
		0B329AF0291EAB2C00F1401A /* PBXContainerItemProxy */ = {
			isa = PBXContainerItemProxy;
			containerPortal = 0B329AD7291EAB2B00F1401A /* Project object */;
			proxyType = 1;
			remoteGlobalIDString = 0B329ADE291EAB2B00F1401A;
			remoteInfo = Scrumdinger;
		};
		0B329AFA291EAB2C00F1401A /* PBXContainerItemProxy */ = {
			isa = PBXContainerItemProxy;
			containerPortal = 0B329AD7291EAB2B00F1401A /* Project object */;
			proxyType = 1;
			remoteGlobalIDString = 0B329ADE291EAB2B00F1401A;
			remoteInfo = Scrumdinger;
		};
/* End PBXContainerItemProxy section */

/* Begin PBXFileReference section */
		0B329ADF291EAB2B00F1401A /* Scrumdinger.app */ = {isa = PBXFileReference; explicitFileType = wrapper.application; includeInIndex = 0; path = Scrumdinger.app; sourceTree = BUILT_PRODUCTS_DIR; };
		0B329AE2291EAB2B00F1401A /* ScrumdingerApp.swift */ = {isa = PBXFileReference; lastKnownFileType = sourcecode.swift; path = ScrumdingerApp.swift; sourceTree = "<group>"; };
		0B329AE4291EAB2B00F1401A /* MeetingView.swift */ = {isa = PBXFileReference; lastKnownFileType = sourcecode.swift; path = MeetingView.swift; sourceTree = "<group>"; };
		0B329AE6291EAB2C00F1401A /* Assets.xcassets */ = {isa = PBXFileReference; lastKnownFileType = folder.assetcatalog; path = Assets.xcassets; sourceTree = "<group>"; };
		0B329AE9291EAB2C00F1401A /* Preview Assets.xcassets */ = {isa = PBXFileReference; lastKnownFileType = folder.assetcatalog; path = "Preview Assets.xcassets"; sourceTree = "<group>"; };
		0B329AEF291EAB2C00F1401A /* ScrumdingerTests.xctest */ = {isa = PBXFileReference; explicitFileType = wrapper.cfbundle; includeInIndex = 0; path = ScrumdingerTests.xctest; sourceTree = BUILT_PRODUCTS_DIR; };
		0B329AF3291EAB2C00F1401A /* ScrumdingerTests.swift */ = {isa = PBXFileReference; lastKnownFileType = sourcecode.swift; path = ScrumdingerTests.swift; sourceTree = "<group>"; };
		0B329AF9291EAB2C00F1401A /* ScrumdingerUITests.xctest */ = {isa = PBXFileReference; explicitFileType = wrapper.cfbundle; includeInIndex = 0; path = ScrumdingerUITests.xctest; sourceTree = BUILT_PRODUCTS_DIR; };
		0B329AFD291EAB2C00F1401A /* ScrumdingerUITests.swift */ = {isa = PBXFileReference; lastKnownFileType = sourcecode.swift; path = ScrumdingerUITests.swift; sourceTree = "<group>"; };
		0B329AFF291EAB2C00F1401A /* ScrumdingerUITestsLaunchTests.swift */ = {isa = PBXFileReference; lastKnownFileType = sourcecode.swift; path = ScrumdingerUITestsLaunchTests.swift; sourceTree = "<group>"; };
		0B329B0D291EC06100F1401A /* Theme.swift */ = {isa = PBXFileReference; lastKnownFileType = sourcecode.swift; path = Theme.swift; sourceTree = "<group>"; };
		0B329B0F291EC28A00F1401A /* DailyScrum.swift */ = {isa = PBXFileReference; lastKnownFileType = sourcecode.swift; path = DailyScrum.swift; sourceTree = "<group>"; };
		0B329B11291EC3BD00F1401A /* CardView.swift */ = {isa = PBXFileReference; lastKnownFileType = sourcecode.swift; path = CardView.swift; sourceTree = "<group>"; };
		0B329B13291EC8B800F1401A /* TrailingIconLabelStyle.swift */ = {isa = PBXFileReference; lastKnownFileType = sourcecode.swift; path = TrailingIconLabelStyle.swift; sourceTree = "<group>"; };
		0B329B15291EE39A00F1401A /* ScrumsView.swift */ = {isa = PBXFileReference; lastKnownFileType = sourcecode.swift; path = ScrumsView.swift; sourceTree = "<group>"; };
		0B329B17291EF26F00F1401A /* DetailView.swift */ = {isa = PBXFileReference; lastKnownFileType = sourcecode.swift; path = DetailView.swift; sourceTree = "<group>"; };
		0B329B19291F01AE00F1401A /* DetailEditView.swift */ = {isa = PBXFileReference; lastKnownFileType = sourcecode.swift; path = DetailEditView.swift; sourceTree = "<group>"; };
		0B329B1B291F292000F1401A /* ThemeView.swift */ = {isa = PBXFileReference; lastKnownFileType = sourcecode.swift; path = ThemeView.swift; sourceTree = "<group>"; };
		0B329B1D291F2AD700F1401A /* ThemePicker.swift */ = {isa = PBXFileReference; lastKnownFileType = sourcecode.swift; path = ThemePicker.swift; sourceTree = "<group>"; };
/* End PBXFileReference section */

/* Begin PBXFrameworksBuildPhase section */
		0B329ADC291EAB2B00F1401A /* Frameworks */ = {
			isa = PBXFrameworksBuildPhase;
			buildActionMask = 2147483647;
			files = (
			);
			runOnlyForDeploymentPostprocessing = 0;
		};
		0B329AEC291EAB2C00F1401A /* Frameworks */ = {
			isa = PBXFrameworksBuildPhase;
			buildActionMask = 2147483647;
			files = (
			);
			runOnlyForDeploymentPostprocessing = 0;
		};
		0B329AF6291EAB2C00F1401A /* Frameworks */ = {
			isa = PBXFrameworksBuildPhase;
			buildActionMask = 2147483647;
			files = (
			);
			runOnlyForDeploymentPostprocessing = 0;
		};
/* End PBXFrameworksBuildPhase section */

/* Begin PBXGroup section */
		0B329AD6291EAB2B00F1401A = {
			isa = PBXGroup;
			children = (
				0B329AE1291EAB2B00F1401A /* Scrumdinger */,
				0B329AF2291EAB2C00F1401A /* ScrumdingerTests */,
				0B329AFC291EAB2C00F1401A /* ScrumdingerUITests */,
				0B329AE0291EAB2B00F1401A /* Products */,
			);
			sourceTree = "<group>";
		};
		0B329AE0291EAB2B00F1401A /* Products */ = {
			isa = PBXGroup;
			children = (
				0B329ADF291EAB2B00F1401A /* Scrumdinger.app */,
				0B329AEF291EAB2C00F1401A /* ScrumdingerTests.xctest */,
				0B329AF9291EAB2C00F1401A /* ScrumdingerUITests.xctest */,
			);
			name = Products;
			sourceTree = "<group>";
		};
		0B329AE1291EAB2B00F1401A /* Scrumdinger */ = {
			isa = PBXGroup;
			children = (
				0B329B0C291EC04600F1401A /* Models */,
				0B329B11291EC3BD00F1401A /* CardView.swift */,
				0B329B19291F01AE00F1401A /* DetailEditView.swift */,
				0B329B17291EF26F00F1401A /* DetailView.swift */,
				0B329AE4291EAB2B00F1401A /* MeetingView.swift */,
				0B329AE2291EAB2B00F1401A /* ScrumdingerApp.swift */,
				0B329B15291EE39A00F1401A /* ScrumsView.swift */,
				0B329B1D291F2AD700F1401A /* ThemePicker.swift */,
				0B329B1B291F292000F1401A /* ThemeView.swift */,
				0B329B13291EC8B800F1401A /* TrailingIconLabelStyle.swift */,
				0B329AE6291EAB2C00F1401A /* Assets.xcassets */,
				0B329AE8291EAB2C00F1401A /* Preview Content */,
			);
			path = Scrumdinger;
			sourceTree = "<group>";
		};
		0B329AE8291EAB2C00F1401A /* Preview Content */ = {
			isa = PBXGroup;
			children = (
				0B329AE9291EAB2C00F1401A /* Preview Assets.xcassets */,
			);
			path = "Preview Content";
			sourceTree = "<group>";
		};
		0B329AF2291EAB2C00F1401A /* ScrumdingerTests */ = {
			isa = PBXGroup;
			children = (
				0B329AF3291EAB2C00F1401A /* ScrumdingerTests.swift */,
			);
			path = ScrumdingerTests;
			sourceTree = "<group>";
		};
		0B329AFC291EAB2C00F1401A /* ScrumdingerUITests */ = {
			isa = PBXGroup;
			children = (
				0B329AFD291EAB2C00F1401A /* ScrumdingerUITests.swift */,
				0B329AFF291EAB2C00F1401A /* ScrumdingerUITestsLaunchTests.swift */,
			);
			path = ScrumdingerUITests;
			sourceTree = "<group>";
		};
		0B329B0C291EC04600F1401A /* Models */ = {
			isa = PBXGroup;
			children = (
				0B329B0D291EC06100F1401A /* Theme.swift */,
				0B329B0F291EC28A00F1401A /* DailyScrum.swift */,
			);
			path = Models;
			sourceTree = "<group>";
		};
/* End PBXGroup section */

/* Begin PBXNativeTarget section */
		0B329ADE291EAB2B00F1401A /* Scrumdinger */ = {
			isa = PBXNativeTarget;
			buildConfigurationList = 0B329B03291EAB2C00F1401A /* Build configuration list for PBXNativeTarget "Scrumdinger" */;
			buildPhases = (
				0B329ADB291EAB2B00F1401A /* Sources */,
				0B329ADC291EAB2B00F1401A /* Frameworks */,
				0B329ADD291EAB2B00F1401A /* Resources */,
			);
			buildRules = (
			);
			dependencies = (
			);
			name = Scrumdinger;
			productName = Scrumdinger;
			productReference = 0B329ADF291EAB2B00F1401A /* Scrumdinger.app */;
			productType = "com.apple.product-type.application";
		};
		0B329AEE291EAB2C00F1401A /* ScrumdingerTests */ = {
			isa = PBXNativeTarget;
			buildConfigurationList = 0B329B06291EAB2C00F1401A /* Build configuration list for PBXNativeTarget "ScrumdingerTests" */;
			buildPhases = (
				0B329AEB291EAB2C00F1401A /* Sources */,
				0B329AEC291EAB2C00F1401A /* Frameworks */,
				0B329AED291EAB2C00F1401A /* Resources */,
			);
			buildRules = (
			);
			dependencies = (
				0B329AF1291EAB2C00F1401A /* PBXTargetDependency */,
			);
			name = ScrumdingerTests;
			productName = ScrumdingerTests;
			productReference = 0B329AEF291EAB2C00F1401A /* ScrumdingerTests.xctest */;
			productType = "com.apple.product-type.bundle.unit-test";
		};
		0B329AF8291EAB2C00F1401A /* ScrumdingerUITests */ = {
			isa = PBXNativeTarget;
			buildConfigurationList = 0B329B09291EAB2C00F1401A /* Build configuration list for PBXNativeTarget "ScrumdingerUITests" */;
			buildPhases = (
				0B329AF5291EAB2C00F1401A /* Sources */,
				0B329AF6291EAB2C00F1401A /* Frameworks */,
				0B329AF7291EAB2C00F1401A /* Resources */,
			);
			buildRules = (
			);
			dependencies = (
				0B329AFB291EAB2C00F1401A /* PBXTargetDependency */,
			);
			name = ScrumdingerUITests;
			productName = ScrumdingerUITests;
			productReference = 0B329AF9291EAB2C00F1401A /* ScrumdingerUITests.xctest */;
			productType = "com.apple.product-type.bundle.ui-testing";
		};
/* End PBXNativeTarget section */

/* Begin PBXProject section */
		0B329AD7291EAB2B00F1401A /* Project object */ = {
			isa = PBXProject;
			attributes = {
				BuildIndependentTargetsInParallel = 1;
				LastSwiftUpdateCheck = 1410;
				LastUpgradeCheck = 1410;
				TargetAttributes = {
					0B329ADE291EAB2B00F1401A = {
						CreatedOnToolsVersion = 14.1;
					};
					0B329AEE291EAB2C00F1401A = {
						CreatedOnToolsVersion = 14.1;
						TestTargetID = 0B329ADE291EAB2B00F1401A;
					};
					0B329AF8291EAB2C00F1401A = {
						CreatedOnToolsVersion = 14.1;
						TestTargetID = 0B329ADE291EAB2B00F1401A;
					};
				};
			};
			buildConfigurationList = 0B329ADA291EAB2B00F1401A /* Build configuration list for PBXProject "Scrumdinger" */;
			compatibilityVersion = "Xcode 14.0";
			developmentRegion = en;
			hasScannedForEncodings = 0;
			knownRegions = (
				en,
				Base,
			);
			mainGroup = 0B329AD6291EAB2B00F1401A;
			productRefGroup = 0B329AE0291EAB2B00F1401A /* Products */;
			projectDirPath = "";
			projectRoot = "";
			targets = (
				0B329ADE291EAB2B00F1401A /* Scrumdinger */,
				0B329AEE291EAB2C00F1401A /* ScrumdingerTests */,
				0B329AF8291EAB2C00F1401A /* ScrumdingerUITests */,
			);
		};
/* End PBXProject section */

/* Begin PBXResourcesBuildPhase section */
		0B329ADD291EAB2B00F1401A /* Resources */ = {
			isa = PBXResourcesBuildPhase;
			buildActionMask = 2147483647;
			files = (
				0B329AEA291EAB2C00F1401A /* Preview Assets.xcassets in Resources */,
				0B329AE7291EAB2C00F1401A /* Assets.xcassets in Resources */,
			);
			runOnlyForDeploymentPostprocessing = 0;
		};
		0B329AED291EAB2C00F1401A /* Resources */ = {
			isa = PBXResourcesBuildPhase;
			buildActionMask = 2147483647;
			files = (
			);
			runOnlyForDeploymentPostprocessing = 0;
		};
		0B329AF7291EAB2C00F1401A /* Resources */ = {
			isa = PBXResourcesBuildPhase;
			buildActionMask = 2147483647;
			files = (
			);
			runOnlyForDeploymentPostprocessing = 0;
		};
/* End PBXResourcesBuildPhase section */

/* Begin PBXSourcesBuildPhase section */
		0B329ADB291EAB2B00F1401A /* Sources */ = {
			isa = PBXSourcesBuildPhase;
			buildActionMask = 2147483647;
			files = (
				0B329B1E291F2AD700F1401A /* ThemePicker.swift in Sources */,
				0B329B10291EC28A00F1401A /* DailyScrum.swift in Sources */,
				0B329B18291EF26F00F1401A /* DetailView.swift in Sources */,
				0B329B1A291F01AE00F1401A /* DetailEditView.swift in Sources */,
				0B329B14291EC8B800F1401A /* TrailingIconLabelStyle.swift in Sources */,
				0B329B0E291EC06100F1401A /* Theme.swift in Sources */,
				0B329B16291EE39A00F1401A /* ScrumsView.swift in Sources */,
				0B329AE5291EAB2B00F1401A /* MeetingView.swift in Sources */,
				0B329AE3291EAB2B00F1401A /* ScrumdingerApp.swift in Sources */,
				0B329B1C291F292000F1401A /* ThemeView.swift in Sources */,
				0B329B12291EC3BD00F1401A /* CardView.swift in Sources */,
			);
			runOnlyForDeploymentPostprocessing = 0;
		};
		0B329AEB291EAB2C00F1401A /* Sources */ = {
			isa = PBXSourcesBuildPhase;
			buildActionMask = 2147483647;
			files = (
				0B329AF4291EAB2C00F1401A /* ScrumdingerTests.swift in Sources */,
			);
			runOnlyForDeploymentPostprocessing = 0;
		};
		0B329AF5291EAB2C00F1401A /* Sources */ = {
			isa = PBXSourcesBuildPhase;
			buildActionMask = 2147483647;
			files = (
				0B329B00291EAB2C00F1401A /* ScrumdingerUITestsLaunchTests.swift in Sources */,
				0B329AFE291EAB2C00F1401A /* ScrumdingerUITests.swift in Sources */,
			);
			runOnlyForDeploymentPostprocessing = 0;
		};
/* End PBXSourcesBuildPhase section */

/* Begin PBXTargetDependency section */
		0B329AF1291EAB2C00F1401A /* PBXTargetDependency */ = {
			isa = PBXTargetDependency;
			target = 0B329ADE291EAB2B00F1401A /* Scrumdinger */;
			targetProxy = 0B329AF0291EAB2C00F1401A /* PBXContainerItemProxy */;
		};
		0B329AFB291EAB2C00F1401A /* PBXTargetDependency */ = {
			isa = PBXTargetDependency;
			target = 0B329ADE291EAB2B00F1401A /* Scrumdinger */;
			targetProxy = 0B329AFA291EAB2C00F1401A /* PBXContainerItemProxy */;
		};
/* End PBXTargetDependency section */

/* Begin XCBuildConfiguration section */
		0B329B01291EAB2C00F1401A /* Debug */ = {
			isa = XCBuildConfiguration;
			buildSettings = {
				ALWAYS_SEARCH_USER_PATHS = NO;
				CLANG_ANALYZER_NONNULL = YES;
				CLANG_ANALYZER_NUMBER_OBJECT_CONVERSION = YES_AGGRESSIVE;
				CLANG_CXX_LANGUAGE_STANDARD = "gnu++20";
				CLANG_ENABLE_MODULES = YES;
				CLANG_ENABLE_OBJC_ARC = YES;
				CLANG_ENABLE_OBJC_WEAK = YES;
				CLANG_WARN_BLOCK_CAPTURE_AUTORELEASING = YES;
				CLANG_WARN_BOOL_CONVERSION = YES;
				CLANG_WARN_COMMA = YES;
				CLANG_WARN_CONSTANT_CONVERSION = YES;
				CLANG_WARN_DEPRECATED_OBJC_IMPLEMENTATIONS = YES;
				CLANG_WARN_DIRECT_OBJC_ISA_USAGE = YES_ERROR;
				CLANG_WARN_DOCUMENTATION_COMMENTS = YES;
				CLANG_WARN_EMPTY_BODY = YES;
				CLANG_WARN_ENUM_CONVERSION = YES;
				CLANG_WARN_INFINITE_RECURSION = YES;
				CLANG_WARN_INT_CONVERSION = YES;
				CLANG_WARN_NON_LITERAL_NULL_CONVERSION = YES;
				CLANG_WARN_OBJC_IMPLICIT_RETAIN_SELF = YES;
				CLANG_WARN_OBJC_LITERAL_CONVERSION = YES;
				CLANG_WARN_OBJC_ROOT_CLASS = YES_ERROR;
				CLANG_WARN_QUOTED_INCLUDE_IN_FRAMEWORK_HEADER = YES;
				CLANG_WARN_RANGE_LOOP_ANALYSIS = YES;
				CLANG_WARN_STRICT_PROTOTYPES = YES;
				CLANG_WARN_SUSPICIOUS_MOVE = YES;
				CLANG_WARN_UNGUARDED_AVAILABILITY = YES_AGGRESSIVE;
				CLANG_WARN_UNREACHABLE_CODE = YES;
				CLANG_WARN__DUPLICATE_METHOD_MATCH = YES;
				COPY_PHASE_STRIP = NO;
				DEBUG_INFORMATION_FORMAT = dwarf;
				ENABLE_STRICT_OBJC_MSGSEND = YES;
				ENABLE_TESTABILITY = YES;
				GCC_C_LANGUAGE_STANDARD = gnu11;
				GCC_DYNAMIC_NO_PIC = NO;
				GCC_NO_COMMON_BLOCKS = YES;
				GCC_OPTIMIZATION_LEVEL = 0;
				GCC_PREPROCESSOR_DEFINITIONS = (
					"DEBUG=1",
					"$(inherited)",
				);
				GCC_WARN_64_TO_32_BIT_CONVERSION = YES;
				GCC_WARN_ABOUT_RETURN_TYPE = YES_ERROR;
				GCC_WARN_UNDECLARED_SELECTOR = YES;
				GCC_WARN_UNINITIALIZED_AUTOS = YES_AGGRESSIVE;
				GCC_WARN_UNUSED_FUNCTION = YES;
				GCC_WARN_UNUSED_VARIABLE = YES;
				IPHONEOS_DEPLOYMENT_TARGET = 16.0;
				MTL_ENABLE_DEBUG_INFO = INCLUDE_SOURCE;
				MTL_FAST_MATH = YES;
				ONLY_ACTIVE_ARCH = YES;
				SDKROOT = iphoneos;
				SWIFT_ACTIVE_COMPILATION_CONDITIONS = DEBUG;
				SWIFT_OPTIMIZATION_LEVEL = "-Onone";
			};
			name = Debug;
		};
		0B329B02291EAB2C00F1401A /* Release */ = {
			isa = XCBuildConfiguration;
			buildSettings = {
				ALWAYS_SEARCH_USER_PATHS = NO;
				CLANG_ANALYZER_NONNULL = YES;
				CLANG_ANALYZER_NUMBER_OBJECT_CONVERSION = YES_AGGRESSIVE;
				CLANG_CXX_LANGUAGE_STANDARD = "gnu++20";
				CLANG_ENABLE_MODULES = YES;
				CLANG_ENABLE_OBJC_ARC = YES;
				CLANG_ENABLE_OBJC_WEAK = YES;
				CLANG_WARN_BLOCK_CAPTURE_AUTORELEASING = YES;
				CLANG_WARN_BOOL_CONVERSION = YES;
				CLANG_WARN_COMMA = YES;
				CLANG_WARN_CONSTANT_CONVERSION = YES;
				CLANG_WARN_DEPRECATED_OBJC_IMPLEMENTATIONS = YES;
				CLANG_WARN_DIRECT_OBJC_ISA_USAGE = YES_ERROR;
				CLANG_WARN_DOCUMENTATION_COMMENTS = YES;
				CLANG_WARN_EMPTY_BODY = YES;
				CLANG_WARN_ENUM_CONVERSION = YES;
				CLANG_WARN_INFINITE_RECURSION = YES;
				CLANG_WARN_INT_CONVERSION = YES;
				CLANG_WARN_NON_LITERAL_NULL_CONVERSION = YES;
				CLANG_WARN_OBJC_IMPLICIT_RETAIN_SELF = YES;
				CLANG_WARN_OBJC_LITERAL_CONVERSION = YES;
				CLANG_WARN_OBJC_ROOT_CLASS = YES_ERROR;
				CLANG_WARN_QUOTED_INCLUDE_IN_FRAMEWORK_HEADER = YES;
				CLANG_WARN_RANGE_LOOP_ANALYSIS = YES;
				CLANG_WARN_STRICT_PROTOTYPES = YES;
				CLANG_WARN_SUSPICIOUS_MOVE = YES;
				CLANG_WARN_UNGUARDED_AVAILABILITY = YES_AGGRESSIVE;
				CLANG_WARN_UNREACHABLE_CODE = YES;
				CLANG_WARN__DUPLICATE_METHOD_MATCH = YES;
				COPY_PHASE_STRIP = NO;
				DEBUG_INFORMATION_FORMAT = "dwarf-with-dsym";
				ENABLE_NS_ASSERTIONS = NO;
				ENABLE_STRICT_OBJC_MSGSEND = YES;
				GCC_C_LANGUAGE_STANDARD = gnu11;
				GCC_NO_COMMON_BLOCKS = YES;
				GCC_WARN_64_TO_32_BIT_CONVERSION = YES;
				GCC_WARN_ABOUT_RETURN_TYPE = YES_ERROR;
				GCC_WARN_UNDECLARED_SELECTOR = YES;
				GCC_WARN_UNINITIALIZED_AUTOS = YES_AGGRESSIVE;
				GCC_WARN_UNUSED_FUNCTION = YES;
				GCC_WARN_UNUSED_VARIABLE = YES;
				IPHONEOS_DEPLOYMENT_TARGET = 16.0;
				MTL_ENABLE_DEBUG_INFO = NO;
				MTL_FAST_MATH = YES;
				SDKROOT = iphoneos;
				SWIFT_COMPILATION_MODE = wholemodule;
				SWIFT_OPTIMIZATION_LEVEL = "-O";
				VALIDATE_PRODUCT = YES;
			};
			name = Release;
		};
		0B329B04291EAB2C00F1401A /* Debug */ = {
			isa = XCBuildConfiguration;
			buildSettings = {
				ASSETCATALOG_COMPILER_APPICON_NAME = AppIcon;
				ASSETCATALOG_COMPILER_GLOBAL_ACCENT_COLOR_NAME = AccentColor;
				CODE_SIGN_STYLE = Automatic;
				CURRENT_PROJECT_VERSION = 1;
				DEVELOPMENT_ASSET_PATHS = "\"Scrumdinger/Preview Content\"";
				DEVELOPMENT_TEAM = 8TXZ7W2TYZ;
				ENABLE_PREVIEWS = YES;
				GENERATE_INFOPLIST_FILE = YES;
				INFOPLIST_KEY_UIApplicationSceneManifest_Generation = YES;
				INFOPLIST_KEY_UIApplicationSupportsIndirectInputEvents = YES;
				INFOPLIST_KEY_UILaunchScreen_Generation = YES;
				INFOPLIST_KEY_UISupportedInterfaceOrientations_iPad = "UIInterfaceOrientationPortrait UIInterfaceOrientationPortraitUpsideDown UIInterfaceOrientationLandscapeLeft UIInterfaceOrientationLandscapeRight";
				INFOPLIST_KEY_UISupportedInterfaceOrientations_iPhone = "UIInterfaceOrientationPortrait UIInterfaceOrientationLandscapeLeft UIInterfaceOrientationLandscapeRight";
				LD_RUNPATH_SEARCH_PATHS = (
					"$(inherited)",
					"@executable_path/Frameworks",
				);
				MARKETING_VERSION = 1.0;
				PRODUCT_BUNDLE_IDENTIFIER = joe.Scrumdinger;
				PRODUCT_NAME = "$(TARGET_NAME)";
				SWIFT_EMIT_LOC_STRINGS = YES;
				SWIFT_VERSION = 5.0;
				TARGETED_DEVICE_FAMILY = "1,2";
			};
			name = Debug;
		};
		0B329B05291EAB2C00F1401A /* Release */ = {
			isa = XCBuildConfiguration;
			buildSettings = {
				ASSETCATALOG_COMPILER_APPICON_NAME = AppIcon;
				ASSETCATALOG_COMPILER_GLOBAL_ACCENT_COLOR_NAME = AccentColor;
				CODE_SIGN_STYLE = Automatic;
				CURRENT_PROJECT_VERSION = 1;
				DEVELOPMENT_ASSET_PATHS = "\"Scrumdinger/Preview Content\"";
				DEVELOPMENT_TEAM = 8TXZ7W2TYZ;
				ENABLE_PREVIEWS = YES;
				GENERATE_INFOPLIST_FILE = YES;
				INFOPLIST_KEY_UIApplicationSceneManifest_Generation = YES;
				INFOPLIST_KEY_UIApplicationSupportsIndirectInputEvents = YES;
				INFOPLIST_KEY_UILaunchScreen_Generation = YES;
				INFOPLIST_KEY_UISupportedInterfaceOrientations_iPad = "UIInterfaceOrientationPortrait UIInterfaceOrientationPortraitUpsideDown UIInterfaceOrientationLandscapeLeft UIInterfaceOrientationLandscapeRight";
				INFOPLIST_KEY_UISupportedInterfaceOrientations_iPhone = "UIInterfaceOrientationPortrait UIInterfaceOrientationLandscapeLeft UIInterfaceOrientationLandscapeRight";
				LD_RUNPATH_SEARCH_PATHS = (
					"$(inherited)",
					"@executable_path/Frameworks",
				);
				MARKETING_VERSION = 1.0;
				PRODUCT_BUNDLE_IDENTIFIER = joe.Scrumdinger;
				PRODUCT_NAME = "$(TARGET_NAME)";
				SWIFT_EMIT_LOC_STRINGS = YES;
				SWIFT_VERSION = 5.0;
				TARGETED_DEVICE_FAMILY = "1,2";
			};
			name = Release;
		};
		0B329B07291EAB2C00F1401A /* Debug */ = {
			isa = XCBuildConfiguration;
			buildSettings = {
				ALWAYS_EMBED_SWIFT_STANDARD_LIBRARIES = YES;
				BUNDLE_LOADER = "$(TEST_HOST)";
				CODE_SIGN_STYLE = Automatic;
				CURRENT_PROJECT_VERSION = 1;
				DEVELOPMENT_TEAM = 8TXZ7W2TYZ;
				GENERATE_INFOPLIST_FILE = YES;
				IPHONEOS_DEPLOYMENT_TARGET = 16.0;
				MARKETING_VERSION = 1.0;
				PRODUCT_BUNDLE_IDENTIFIER = joe.ScrumdingerTests;
				PRODUCT_NAME = "$(TARGET_NAME)";
				SWIFT_EMIT_LOC_STRINGS = NO;
				SWIFT_VERSION = 5.0;
				TARGETED_DEVICE_FAMILY = "1,2";
				TEST_HOST = "$(BUILT_PRODUCTS_DIR)/Scrumdinger.app/$(BUNDLE_EXECUTABLE_FOLDER_PATH)/Scrumdinger";
			};
			name = Debug;
		};
		0B329B08291EAB2C00F1401A /* Release */ = {
			isa = XCBuildConfiguration;
			buildSettings = {
				ALWAYS_EMBED_SWIFT_STANDARD_LIBRARIES = YES;
				BUNDLE_LOADER = "$(TEST_HOST)";
				CODE_SIGN_STYLE = Automatic;
				CURRENT_PROJECT_VERSION = 1;
				DEVELOPMENT_TEAM = 8TXZ7W2TYZ;
				GENERATE_INFOPLIST_FILE = YES;
				IPHONEOS_DEPLOYMENT_TARGET = 16.0;
				MARKETING_VERSION = 1.0;
				PRODUCT_BUNDLE_IDENTIFIER = joe.ScrumdingerTests;
				PRODUCT_NAME = "$(TARGET_NAME)";
				SWIFT_EMIT_LOC_STRINGS = NO;
				SWIFT_VERSION = 5.0;
				TARGETED_DEVICE_FAMILY = "1,2";
				TEST_HOST = "$(BUILT_PRODUCTS_DIR)/Scrumdinger.app/$(BUNDLE_EXECUTABLE_FOLDER_PATH)/Scrumdinger";
			};
			name = Release;
		};
		0B329B0A291EAB2C00F1401A /* Debug */ = {
			isa = XCBuildConfiguration;
			buildSettings = {
				ALWAYS_EMBED_SWIFT_STANDARD_LIBRARIES = YES;
				CODE_SIGN_STYLE = Automatic;
				CURRENT_PROJECT_VERSION = 1;
				DEVELOPMENT_TEAM = 8TXZ7W2TYZ;
				GENERATE_INFOPLIST_FILE = YES;
				MARKETING_VERSION = 1.0;
				PRODUCT_BUNDLE_IDENTIFIER = joe.ScrumdingerUITests;
				PRODUCT_NAME = "$(TARGET_NAME)";
				SWIFT_EMIT_LOC_STRINGS = NO;
				SWIFT_VERSION = 5.0;
				TARGETED_DEVICE_FAMILY = "1,2";
				TEST_TARGET_NAME = Scrumdinger;
			};
			name = Debug;
		};
		0B329B0B291EAB2C00F1401A /* Release */ = {
			isa = XCBuildConfiguration;
			buildSettings = {
				ALWAYS_EMBED_SWIFT_STANDARD_LIBRARIES = YES;
				CODE_SIGN_STYLE = Automatic;
				CURRENT_PROJECT_VERSION = 1;
				DEVELOPMENT_TEAM = 8TXZ7W2TYZ;
				GENERATE_INFOPLIST_FILE = YES;
				MARKETING_VERSION = 1.0;
				PRODUCT_BUNDLE_IDENTIFIER = joe.ScrumdingerUITests;
				PRODUCT_NAME = "$(TARGET_NAME)";
				SWIFT_EMIT_LOC_STRINGS = NO;
				SWIFT_VERSION = 5.0;
				TARGETED_DEVICE_FAMILY = "1,2";
				TEST_TARGET_NAME = Scrumdinger;
			};
			name = Release;
		};
/* End XCBuildConfiguration section */

/* Begin XCConfigurationList section */
		0B329ADA291EAB2B00F1401A /* Build configuration list for PBXProject "Scrumdinger" */ = {
			isa = XCConfigurationList;
			buildConfigurations = (
				0B329B01291EAB2C00F1401A /* Debug */,
				0B329B02291EAB2C00F1401A /* Release */,
			);
			defaultConfigurationIsVisible = 0;
			defaultConfigurationName = Release;
		};
		0B329B03291EAB2C00F1401A /* Build configuration list for PBXNativeTarget "Scrumdinger" */ = {
			isa = XCConfigurationList;
			buildConfigurations = (
				0B329B04291EAB2C00F1401A /* Debug */,
				0B329B05291EAB2C00F1401A /* Release */,
			);
			defaultConfigurationIsVisible = 0;
			defaultConfigurationName = Release;
		};
		0B329B06291EAB2C00F1401A /* Build configuration list for PBXNativeTarget "ScrumdingerTests" */ = {
			isa = XCConfigurationList;
			buildConfigurations = (
				0B329B07291EAB2C00F1401A /* Debug */,
				0B329B08291EAB2C00F1401A /* Release */,
			);
			defaultConfigurationIsVisible = 0;
			defaultConfigurationName = Release;
		};
		0B329B09291EAB2C00F1401A /* Build configuration list for PBXNativeTarget "ScrumdingerUITests" */ = {
			isa = XCConfigurationList;
			buildConfigurations = (
				0B329B0A291EAB2C00F1401A /* Debug */,
				0B329B0B291EAB2C00F1401A /* Release */,
			);
			defaultConfigurationIsVisible = 0;
			defaultConfigurationName = Release;
		};
/* End XCConfigurationList section */
	};
	rootObject = 0B329AD7291EAB2B00F1401A /* Project object */;
}
